
Microsoft Visual Studio Solution File, Format Version 12.00
# Visual Studio 15
VisualStudioVersion = 15.0.26730.15
MinimumVisualStudioVersion = 10.0.40219.1
Project("{FAE04EC0-301F-11D3-BF4B-00C04F79EFBC}") = "E2_1_JimenezAhumadajonatanAlberto", "E2_1_JimenezAhumadajonatanAlberto\E2_1_JimenezAhumadajonatanAlberto.csproj", "{CA995CBC-641D-4068-8AE2-84C03EDA1CA4}"
EndProject
Global
	GlobalSection(SolutionConfigurationPlatforms) = preSolution
		Debug|Any CPU = Debug|Any CPU
		Release|Any CPU = Release|Any CPU
	EndGlobalSection
	GlobalSection(ProjectConfigurationPlatforms) = postSolution
		{CA995CBC-641D-4068-8AE2-84C03EDA1CA4}.Debug|Any CPU.ActiveCfg = Debug|Any CPU
		{CA995CBC-641D-4068-8AE2-84C03EDA1CA4}.Debug|Any CPU.Build.0 = Debug|Any CPU
		{CA995CBC-641D-4068-8AE2-84C03EDA1CA4}.Release|Any CPU.ActiveCfg = Release|Any CPU
		{CA995CBC-641D-4068-8AE2-84C03EDA1CA4}.Release|Any CPU.Build.0 = Release|Any CPU
	EndGlobalSection
	GlobalSection(SolutionProperties) = preSolution
		HideSolutionNode = FALSE
	EndGlobalSection
	GlobalSection(ExtensibilityGlobals) = postSolution
		SolutionGuid = {AF4268D7-354B-479D-8F86-A463CD12785F}
	EndGlobalSection
EndGlobal
