
Microsoft Visual Studio Solution File, Format Version 12.00
# Visual Studio 15
VisualStudioVersion = 15.0.26730.15
MinimumVisualStudioVersion = 10.0.40219.1
Project("{FAE04EC0-301F-11D3-BF4B-00C04F79EFBC}") = "E2-2JimenezAhumadaJonatanAlberto", "E2-2JimenezAhumadaJonatanAlberto\E2-2JimenezAhumadaJonatanAlberto.csproj", "{6A6EA20F-7246-4582-A417-8DCE51D09BE8}"
EndProject
Global
	GlobalSection(SolutionConfigurationPlatforms) = preSolution
		Debug|Any CPU = Debug|Any CPU
		Release|Any CPU = Release|Any CPU
	EndGlobalSection
	GlobalSection(ProjectConfigurationPlatforms) = postSolution
		{6A6EA20F-7246-4582-A417-8DCE51D09BE8}.Debug|Any CPU.ActiveCfg = Debug|Any CPU
		{6A6EA20F-7246-4582-A417-8DCE51D09BE8}.Debug|Any CPU.Build.0 = Debug|Any CPU
		{6A6EA20F-7246-4582-A417-8DCE51D09BE8}.Release|Any CPU.ActiveCfg = Release|Any CPU
		{6A6EA20F-7246-4582-A417-8DCE51D09BE8}.Release|Any CPU.Build.0 = Release|Any CPU
	EndGlobalSection
	GlobalSection(SolutionProperties) = preSolution
		HideSolutionNode = FALSE
	EndGlobalSection
	GlobalSection(ExtensibilityGlobals) = postSolution
		SolutionGuid = {FF6598B5-0CB5-4689-8E6B-56344D5C2A2B}
	EndGlobalSection
EndGlobal
